// !$*UTF8*$!
{
	archiveVersion = 1;
	classes = {
	};
	objectVersion = 50;
	objects = {

/* Begin PBXBuildFile section */
		F1AEB359252FD69000636575 /* AppDelegate.swift in Sources */ = {isa = PBXBuildFile; fileRef = F1AEB358252FD69000636575 /* AppDelegate.swift */; };
		F1AEB35B252FD69000636575 /* ViewController.swift in Sources */ = {isa = PBXBuildFile; fileRef = F1AEB35A252FD69000636575 /* ViewController.swift */; };
		F1AEB35D252FD69000636575 /* Assets.xcassets in Resources */ = {isa = PBXBuildFile; fileRef = F1AEB35C252FD69000636575 /* Assets.xcassets */; };
		F1AEB360252FD69100636575 /* Main.storyboard in Resources */ = {isa = PBXBuildFile; fileRef = F1AEB35E252FD69000636575 /* Main.storyboard */; };
		F1AEB36B252FD6BE00636575 /* rain.mp4 in Resources */ = {isa = PBXBuildFile; fileRef = F1DA957A252ECA9600356470 /* rain.mp4 */; };
		F1AEB36C252FD6BE00636575 /* fruit.mp4 in Resources */ = {isa = PBXBuildFile; fileRef = F1DA956D252EC62A00356470 /* fruit.mp4 */; };
		F1AEB374252FD71900636575 /* VideoResizer.swift in Sources */ = {isa = PBXBuildFile; fileRef = F1DA956A252EB11300356470 /* VideoResizer.swift */; };
		F1BD9BE7252FEA93004837A9 /* VideoResizer+.swift in Sources */ = {isa = PBXBuildFile; fileRef = F1BD9BE6252FEA93004837A9 /* VideoResizer+.swift */; };
		F1BD9BE8252FEA93004837A9 /* VideoResizer+.swift in Sources */ = {isa = PBXBuildFile; fileRef = F1BD9BE6252FEA93004837A9 /* VideoResizer+.swift */; };
		F1DA954A252EB09B00356470 /* AppDelegate.swift in Sources */ = {isa = PBXBuildFile; fileRef = F1DA9549252EB09B00356470 /* AppDelegate.swift */; };
		F1DA954C252EB09B00356470 /* SceneDelegate.swift in Sources */ = {isa = PBXBuildFile; fileRef = F1DA954B252EB09B00356470 /* SceneDelegate.swift */; };
		F1DA954E252EB09B00356470 /* ViewController.swift in Sources */ = {isa = PBXBuildFile; fileRef = F1DA954D252EB09B00356470 /* ViewController.swift */; };
		F1DA9551252EB09B00356470 /* Main.storyboard in Resources */ = {isa = PBXBuildFile; fileRef = F1DA954F252EB09B00356470 /* Main.storyboard */; };
		F1DA9553252EB09D00356470 /* Assets.xcassets in Resources */ = {isa = PBXBuildFile; fileRef = F1DA9552252EB09D00356470 /* Assets.xcassets */; };
		F1DA9556252EB09D00356470 /* LaunchScreen.storyboard in Resources */ = {isa = PBXBuildFile; fileRef = F1DA9554252EB09D00356470 /* LaunchScreen.storyboard */; };
		F1DA956B252EB11300356470 /* VideoResizer.swift in Sources */ = {isa = PBXBuildFile; fileRef = F1DA956A252EB11300356470 /* VideoResizer.swift */; };
		F1DA956E252EC62A00356470 /* fruit.mp4 in Resources */ = {isa = PBXBuildFile; fileRef = F1DA956D252EC62A00356470 /* fruit.mp4 */; };
		F1DA957B252ECA9600356470 /* rain.mp4 in Resources */ = {isa = PBXBuildFile; fileRef = F1DA957A252ECA9600356470 /* rain.mp4 */; };
/* End PBXBuildFile section */

/* Begin PBXFileReference section */
		F1AEB356252FD69000636575 /* resizer-mac.app */ = {isa = PBXFileReference; explicitFileType = wrapper.application; includeInIndex = 0; path = "resizer-mac.app"; sourceTree = BUILT_PRODUCTS_DIR; };
		F1AEB358252FD69000636575 /* AppDelegate.swift */ = {isa = PBXFileReference; lastKnownFileType = sourcecode.swift; path = AppDelegate.swift; sourceTree = "<group>"; };
		F1AEB35A252FD69000636575 /* ViewController.swift */ = {isa = PBXFileReference; lastKnownFileType = sourcecode.swift; path = ViewController.swift; sourceTree = "<group>"; };
		F1AEB35C252FD69000636575 /* Assets.xcassets */ = {isa = PBXFileReference; lastKnownFileType = folder.assetcatalog; path = Assets.xcassets; sourceTree = "<group>"; };
		F1AEB35F252FD69100636575 /* Base */ = {isa = PBXFileReference; lastKnownFileType = file.storyboard; name = Base; path = Base.lproj/Main.storyboard; sourceTree = "<group>"; };
		F1AEB361252FD69100636575 /* Info.plist */ = {isa = PBXFileReference; lastKnownFileType = text.plist.xml; path = Info.plist; sourceTree = "<group>"; };
		F1AEB362252FD69100636575 /* resizer_mac.entitlements */ = {isa = PBXFileReference; lastKnownFileType = text.plist.entitlements; path = resizer_mac.entitlements; sourceTree = "<group>"; };
		F1BD9BE6252FEA93004837A9 /* VideoResizer+.swift */ = {isa = PBXFileReference; lastKnownFileType = sourcecode.swift; path = "VideoResizer+.swift"; sourceTree = "<group>"; };
		F1BD9C18253013DC004837A9 /* README.md */ = {isa = PBXFileReference; lastKnownFileType = net.daringfireball.markdown; path = README.md; sourceTree = "<group>"; };
		F1DA9546252EB09B00356470 /* resizer-ios.app */ = {isa = PBXFileReference; explicitFileType = wrapper.application; includeInIndex = 0; path = "resizer-ios.app"; sourceTree = BUILT_PRODUCTS_DIR; };
		F1DA9549252EB09B00356470 /* AppDelegate.swift */ = {isa = PBXFileReference; lastKnownFileType = sourcecode.swift; path = AppDelegate.swift; sourceTree = "<group>"; };
		F1DA954B252EB09B00356470 /* SceneDelegate.swift */ = {isa = PBXFileReference; lastKnownFileType = sourcecode.swift; path = SceneDelegate.swift; sourceTree = "<group>"; };
		F1DA954D252EB09B00356470 /* ViewController.swift */ = {isa = PBXFileReference; lastKnownFileType = sourcecode.swift; path = ViewController.swift; sourceTree = "<group>"; };
		F1DA9550252EB09B00356470 /* Base */ = {isa = PBXFileReference; lastKnownFileType = file.storyboard; name = Base; path = Base.lproj/Main.storyboard; sourceTree = "<group>"; };
		F1DA9552252EB09D00356470 /* Assets.xcassets */ = {isa = PBXFileReference; lastKnownFileType = folder.assetcatalog; path = Assets.xcassets; sourceTree = "<group>"; };
		F1DA9555252EB09D00356470 /* Base */ = {isa = PBXFileReference; lastKnownFileType = file.storyboard; name = Base; path = Base.lproj/LaunchScreen.storyboard; sourceTree = "<group>"; };
		F1DA9557252EB09D00356470 /* Info.plist */ = {isa = PBXFileReference; lastKnownFileType = text.plist.xml; path = Info.plist; sourceTree = "<group>"; };
		F1DA956A252EB11300356470 /* VideoResizer.swift */ = {isa = PBXFileReference; lastKnownFileType = sourcecode.swift; path = VideoResizer.swift; sourceTree = "<group>"; };
		F1DA956D252EC62A00356470 /* fruit.mp4 */ = {isa = PBXFileReference; lastKnownFileType = file; path = fruit.mp4; sourceTree = "<group>"; };
		F1DA957A252ECA9600356470 /* rain.mp4 */ = {isa = PBXFileReference; lastKnownFileType = file; path = rain.mp4; sourceTree = "<group>"; };
/* End PBXFileReference section */

/* Begin PBXFrameworksBuildPhase section */
		F1AEB353252FD69000636575 /* Frameworks */ = {
			isa = PBXFrameworksBuildPhase;
			buildActionMask = 2147483647;
			files = (
			);
			runOnlyForDeploymentPostprocessing = 0;
		};
		F1DA9543252EB09B00356470 /* Frameworks */ = {
			isa = PBXFrameworksBuildPhase;
			buildActionMask = 2147483647;
			files = (
			);
			runOnlyForDeploymentPostprocessing = 0;
		};
/* End PBXFrameworksBuildPhase section */

/* Begin PBXGroup section */
		F1AEB357252FD69000636575 /* resizer-mac */ = {
			isa = PBXGroup;
			children = (
				F1AEB358252FD69000636575 /* AppDelegate.swift */,
				F1AEB35A252FD69000636575 /* ViewController.swift */,
				F1AEB35C252FD69000636575 /* Assets.xcassets */,
				F1AEB35E252FD69000636575 /* Main.storyboard */,
				F1AEB361252FD69100636575 /* Info.plist */,
				F1AEB362252FD69100636575 /* resizer_mac.entitlements */,
			);
			path = "resizer-mac";
			sourceTree = "<group>";
		};
		F1AEB379252FDB3900636575 /* common */ = {
			isa = PBXGroup;
			children = (
				F1DA956A252EB11300356470 /* VideoResizer.swift */,
				F1BD9BE6252FEA93004837A9 /* VideoResizer+.swift */,
				F1DA956D252EC62A00356470 /* fruit.mp4 */,
				F1DA957A252ECA9600356470 /* rain.mp4 */,
			);
			path = common;
			sourceTree = "<group>";
		};
		F1DA953D252EB09B00356470 = {
			isa = PBXGroup;
			children = (
				F1BD9C18253013DC004837A9 /* README.md */,
				F1AEB379252FDB3900636575 /* common */,
				F1DA9548252EB09B00356470 /* resizer-ios */,
				F1AEB357252FD69000636575 /* resizer-mac */,
				F1DA9547252EB09B00356470 /* Products */,
			);
			sourceTree = "<group>";
		};
		F1DA9547252EB09B00356470 /* Products */ = {
			isa = PBXGroup;
			children = (
				F1DA9546252EB09B00356470 /* resizer-ios.app */,
				F1AEB356252FD69000636575 /* resizer-mac.app */,
			);
			name = Products;
			sourceTree = "<group>";
		};
		F1DA9548252EB09B00356470 /* resizer-ios */ = {
			isa = PBXGroup;
			children = (
				F1DA9549252EB09B00356470 /* AppDelegate.swift */,
				F1DA954B252EB09B00356470 /* SceneDelegate.swift */,
				F1DA954D252EB09B00356470 /* ViewController.swift */,
				F1DA954F252EB09B00356470 /* Main.storyboard */,
				F1DA9552252EB09D00356470 /* Assets.xcassets */,
				F1DA9554252EB09D00356470 /* LaunchScreen.storyboard */,
				F1DA9557252EB09D00356470 /* Info.plist */,
			);
			path = "resizer-ios";
			sourceTree = "<group>";
		};
/* End PBXGroup section */

/* Begin PBXNativeTarget section */
		F1AEB355252FD69000636575 /* resizer-mac */ = {
			isa = PBXNativeTarget;
			buildConfigurationList = F1AEB365252FD69100636575 /* Build configuration list for PBXNativeTarget "resizer-mac" */;
			buildPhases = (
				F1AEB352252FD69000636575 /* Sources */,
				F1AEB353252FD69000636575 /* Frameworks */,
				F1AEB354252FD69000636575 /* Resources */,
			);
			buildRules = (
			);
			dependencies = (
			);
			name = "resizer-mac";
			productName = "resizer-mac";
			productReference = F1AEB356252FD69000636575 /* resizer-mac.app */;
			productType = "com.apple.product-type.application";
		};
		F1DA9545252EB09B00356470 /* resizer-ios */ = {
			isa = PBXNativeTarget;
			buildConfigurationList = F1DA955A252EB09D00356470 /* Build configuration list for PBXNativeTarget "resizer-ios" */;
			buildPhases = (
				F1DA9542252EB09B00356470 /* Sources */,
				F1DA9543252EB09B00356470 /* Frameworks */,
				F1DA9544252EB09B00356470 /* Resources */,
			);
			buildRules = (
			);
			dependencies = (
			);
			name = "resizer-ios";
			productName = VideoResizer;
			productReference = F1DA9546252EB09B00356470 /* resizer-ios.app */;
			productType = "com.apple.product-type.application";
		};
/* End PBXNativeTarget section */

/* Begin PBXProject section */
		F1DA953E252EB09B00356470 /* Project object */ = {
			isa = PBXProject;
			attributes = {
				LastSwiftUpdateCheck = 1200;
				LastUpgradeCheck = 1200;
				TargetAttributes = {
					F1AEB355252FD69000636575 = {
						CreatedOnToolsVersion = 12.0;
					};
					F1DA9545252EB09B00356470 = {
						CreatedOnToolsVersion = 12.0;
					};
				};
			};
			buildConfigurationList = F1DA9541252EB09B00356470 /* Build configuration list for PBXProject "VideoResizer" */;
			compatibilityVersion = "Xcode 9.3";
			developmentRegion = en;
			hasScannedForEncodings = 0;
			knownRegions = (
				en,
				Base,
			);
			mainGroup = F1DA953D252EB09B00356470;
			productRefGroup = F1DA9547252EB09B00356470 /* Products */;
			projectDirPath = "";
			projectRoot = "";
			targets = (
				F1DA9545252EB09B00356470 /* resizer-ios */,
				F1AEB355252FD69000636575 /* resizer-mac */,
			);
		};
/* End PBXProject section */

/* Begin PBXResourcesBuildPhase section */
		F1AEB354252FD69000636575 /* Resources */ = {
			isa = PBXResourcesBuildPhase;
			buildActionMask = 2147483647;
			files = (
				F1AEB35D252FD69000636575 /* Assets.xcassets in Resources */,
				F1AEB36B252FD6BE00636575 /* rain.mp4 in Resources */,
				F1AEB36C252FD6BE00636575 /* fruit.mp4 in Resources */,
				F1AEB360252FD69100636575 /* Main.storyboard in Resources */,
			);
			runOnlyForDeploymentPostprocessing = 0;
		};
		F1DA9544252EB09B00356470 /* Resources */ = {
			isa = PBXResourcesBuildPhase;
			buildActionMask = 2147483647;
			files = (
				F1DA9556252EB09D00356470 /* LaunchScreen.storyboard in Resources */,
				F1DA956E252EC62A00356470 /* fruit.mp4 in Resources */,
				F1DA9553252EB09D00356470 /* Assets.xcassets in Resources */,
				F1DA9551252EB09B00356470 /* Main.storyboard in Resources */,
				F1DA957B252ECA9600356470 /* rain.mp4 in Resources */,
			);
			runOnlyForDeploymentPostprocessing = 0;
		};
/* End PBXResourcesBuildPhase section */

/* Begin PBXSourcesBuildPhase section */
		F1AEB352252FD69000636575 /* Sources */ = {
			isa = PBXSourcesBuildPhase;
			buildActionMask = 2147483647;
			files = (
				F1BD9BE8252FEA93004837A9 /* VideoResizer+.swift in Sources */,
				F1AEB35B252FD69000636575 /* ViewController.swift in Sources */,
				F1AEB374252FD71900636575 /* VideoResizer.swift in Sources */,
				F1AEB359252FD69000636575 /* AppDelegate.swift in Sources */,
			);
			runOnlyForDeploymentPostprocessing = 0;
		};
		F1DA9542252EB09B00356470 /* Sources */ = {
			isa = PBXSourcesBuildPhase;
			buildActionMask = 2147483647;
			files = (
				F1DA954E252EB09B00356470 /* ViewController.swift in Sources */,
				F1BD9BE7252FEA93004837A9 /* VideoResizer+.swift in Sources */,
				F1DA954A252EB09B00356470 /* AppDelegate.swift in Sources */,
				F1DA956B252EB11300356470 /* VideoResizer.swift in Sources */,
				F1DA954C252EB09B00356470 /* SceneDelegate.swift in Sources */,
			);
			runOnlyForDeploymentPostprocessing = 0;
		};
/* End PBXSourcesBuildPhase section */

/* Begin PBXVariantGroup section */
		F1AEB35E252FD69000636575 /* Main.storyboard */ = {
			isa = PBXVariantGroup;
			children = (
				F1AEB35F252FD69100636575 /* Base */,
			);
			name = Main.storyboard;
			sourceTree = "<group>";
		};
		F1DA954F252EB09B00356470 /* Main.storyboard */ = {
			isa = PBXVariantGroup;
			children = (
				F1DA9550252EB09B00356470 /* Base */,
			);
			name = Main.storyboard;
			sourceTree = "<group>";
		};
		F1DA9554252EB09D00356470 /* LaunchScreen.storyboard */ = {
			isa = PBXVariantGroup;
			children = (
				F1DA9555252EB09D00356470 /* Base */,
			);
			name = LaunchScreen.storyboard;
			sourceTree = "<group>";
		};
/* End PBXVariantGroup section */

/* Begin XCBuildConfiguration section */
		F1AEB363252FD69100636575 /* Debug */ = {
			isa = XCBuildConfiguration;
			buildSettings = {
				ASSETCATALOG_COMPILER_APPICON_NAME = AppIcon;
				ASSETCATALOG_COMPILER_GLOBAL_ACCENT_COLOR_NAME = AccentColor;
				CODE_SIGN_ENTITLEMENTS = "resizer-mac/resizer_mac.entitlements";
				CODE_SIGN_STYLE = Automatic;
				COMBINE_HIDPI_IMAGES = YES;
				DEVELOPMENT_TEAM = 8L88PNR4B2;
				ENABLE_HARDENED_RUNTIME = YES;
				INFOPLIST_FILE = "resizer-mac/Info.plist";
				LD_RUNPATH_SEARCH_PATHS = (
					"$(inherited)",
					"@executable_path/../Frameworks",
				);
				MACOSX_DEPLOYMENT_TARGET = 10.15;
				PRODUCT_BUNDLE_IDENTIFIER = "com.rlaguilar.sample-project.resizer-mac";
				PRODUCT_NAME = "$(TARGET_NAME)";
				SDKROOT = macosx;
				SWIFT_VERSION = 5.0;
			};
			name = Debug;
		};
		F1AEB364252FD69100636575 /* Release */ = {
			isa = XCBuildConfiguration;
			buildSettings = {
				ASSETCATALOG_COMPILER_APPICON_NAME = AppIcon;
				ASSETCATALOG_COMPILER_GLOBAL_ACCENT_COLOR_NAME = AccentColor;
				CODE_SIGN_ENTITLEMENTS = "resizer-mac/resizer_mac.entitlements";
				CODE_SIGN_STYLE = Automatic;
				COMBINE_HIDPI_IMAGES = YES;
				DEVELOPMENT_TEAM = 8L88PNR4B2;
				ENABLE_HARDENED_RUNTIME = YES;
				INFOPLIST_FILE = "resizer-mac/Info.plist";
				LD_RUNPATH_SEARCH_PATHS = (
					"$(inherited)",
					"@executable_path/../Frameworks",
				);
				MACOSX_DEPLOYMENT_TARGET = 10.15;
				PRODUCT_BUNDLE_IDENTIFIER = "com.rlaguilar.sample-project.resizer-mac";
				PRODUCT_NAME = "$(TARGET_NAME)";
				SDKROOT = macosx;
				SWIFT_VERSION = 5.0;
			};
			name = Release;
		};
		F1DA9558252EB09D00356470 /* Debug */ = {
			isa = XCBuildConfiguration;
			buildSettings = {
				ALWAYS_SEARCH_USER_PATHS = NO;
				CLANG_ANALYZER_NONNULL = YES;
				CLANG_ANALYZER_NUMBER_OBJECT_CONVERSION = YES_AGGRESSIVE;
				CLANG_CXX_LANGUAGE_STANDARD = "gnu++14";
				CLANG_CXX_LIBRARY = "libc++";
				CLANG_ENABLE_MODULES = YES;
				CLANG_ENABLE_OBJC_ARC = YES;
				CLANG_ENABLE_OBJC_WEAK = YES;
				CLANG_WARN_BLOCK_CAPTURE_AUTORELEASING = YES;
				CLANG_WARN_BOOL_CONVERSION = YES;
				CLANG_WARN_COMMA = YES;
				CLANG_WARN_CONSTANT_CONVERSION = YES;
				CLANG_WARN_DEPRECATED_OBJC_IMPLEMENTATIONS = YES;
				CLANG_WARN_DIRECT_OBJC_ISA_USAGE = YES_ERROR;
				CLANG_WARN_DOCUMENTATION_COMMENTS = YES;
				CLANG_WARN_EMPTY_BODY = YES;
				CLANG_WARN_ENUM_CONVERSION = YES;
				CLANG_WARN_INFINITE_RECURSION = YES;
				CLANG_WARN_INT_CONVERSION = YES;
				CLANG_WARN_NON_LITERAL_NULL_CONVERSION = YES;
				CLANG_WARN_OBJC_IMPLICIT_RETAIN_SELF = YES;
				CLANG_WARN_OBJC_LITERAL_CONVERSION = YES;
				CLANG_WARN_OBJC_ROOT_CLASS = YES_ERROR;
				CLANG_WARN_QUOTED_INCLUDE_IN_FRAMEWORK_HEADER = YES;
				CLANG_WARN_RANGE_LOOP_ANALYSIS = YES;
				CLANG_WARN_STRICT_PROTOTYPES = YES;
				CLANG_WARN_SUSPICIOUS_MOVE = YES;
				CLANG_WARN_UNGUARDED_AVAILABILITY = YES_AGGRESSIVE;
				CLANG_WARN_UNREACHABLE_CODE = YES;
				CLANG_WARN__DUPLICATE_METHOD_MATCH = YES;
				COPY_PHASE_STRIP = NO;
				DEBUG_INFORMATION_FORMAT = dwarf;
				ENABLE_STRICT_OBJC_MSGSEND = YES;
				ENABLE_TESTABILITY = YES;
				GCC_C_LANGUAGE_STANDARD = gnu11;
				GCC_DYNAMIC_NO_PIC = NO;
				GCC_NO_COMMON_BLOCKS = YES;
				GCC_OPTIMIZATION_LEVEL = 0;
				GCC_PREPROCESSOR_DEFINITIONS = (
					"DEBUG=1",
					"$(inherited)",
				);
				GCC_WARN_64_TO_32_BIT_CONVERSION = YES;
				GCC_WARN_ABOUT_RETURN_TYPE = YES_ERROR;
				GCC_WARN_UNDECLARED_SELECTOR = YES;
				GCC_WARN_UNINITIALIZED_AUTOS = YES_AGGRESSIVE;
				GCC_WARN_UNUSED_FUNCTION = YES;
				GCC_WARN_UNUSED_VARIABLE = YES;
				IPHONEOS_DEPLOYMENT_TARGET = 14.0;
				MTL_ENABLE_DEBUG_INFO = INCLUDE_SOURCE;
				MTL_FAST_MATH = YES;
				ONLY_ACTIVE_ARCH = YES;
				SDKROOT = iphoneos;
				SWIFT_ACTIVE_COMPILATION_CONDITIONS = DEBUG;
				SWIFT_OPTIMIZATION_LEVEL = "-Onone";
			};
			name = Debug;
		};
		F1DA9559252EB09D00356470 /* Release */ = {
			isa = XCBuildConfiguration;
			buildSettings = {
				ALWAYS_SEARCH_USER_PATHS = NO;
				CLANG_ANALYZER_NONNULL = YES;
				CLANG_ANALYZER_NUMBER_OBJECT_CONVERSION = YES_AGGRESSIVE;
				CLANG_CXX_LANGUAGE_STANDARD = "gnu++14";
				CLANG_CXX_LIBRARY = "libc++";
				CLANG_ENABLE_MODULES = YES;
				CLANG_ENABLE_OBJC_ARC = YES;
				CLANG_ENABLE_OBJC_WEAK = YES;
				CLANG_WARN_BLOCK_CAPTURE_AUTORELEASING = YES;
				CLANG_WARN_BOOL_CONVERSION = YES;
				CLANG_WARN_COMMA = YES;
				CLANG_WARN_CONSTANT_CONVERSION = YES;
				CLANG_WARN_DEPRECATED_OBJC_IMPLEMENTATIONS = YES;
				CLANG_WARN_DIRECT_OBJC_ISA_USAGE = YES_ERROR;
				CLANG_WARN_DOCUMENTATION_COMMENTS = YES;
				CLANG_WARN_EMPTY_BODY = YES;
				CLANG_WARN_ENUM_CONVERSION = YES;
				CLANG_WARN_INFINITE_RECURSION = YES;
				CLANG_WARN_INT_CONVERSION = YES;
				CLANG_WARN_NON_LITERAL_NULL_CONVERSION = YES;
				CLANG_WARN_OBJC_IMPLICIT_RETAIN_SELF = YES;
				CLANG_WARN_OBJC_LITERAL_CONVERSION = YES;
				CLANG_WARN_OBJC_ROOT_CLASS = YES_ERROR;
				CLANG_WARN_QUOTED_INCLUDE_IN_FRAMEWORK_HEADER = YES;
				CLANG_WARN_RANGE_LOOP_ANALYSIS = YES;
				CLANG_WARN_STRICT_PROTOTYPES = YES;
				CLANG_WARN_SUSPICIOUS_MOVE = YES;
				CLANG_WARN_UNGUARDED_AVAILABILITY = YES_AGGRESSIVE;
				CLANG_WARN_UNREACHABLE_CODE = YES;
				CLANG_WARN__DUPLICATE_METHOD_MATCH = YES;
				COPY_PHASE_STRIP = NO;
				DEBUG_INFORMATION_FORMAT = "dwarf-with-dsym";
				ENABLE_NS_ASSERTIONS = NO;
				ENABLE_STRICT_OBJC_MSGSEND = YES;
				GCC_C_LANGUAGE_STANDARD = gnu11;
				GCC_NO_COMMON_BLOCKS = YES;
				GCC_WARN_64_TO_32_BIT_CONVERSION = YES;
				GCC_WARN_ABOUT_RETURN_TYPE = YES_ERROR;
				GCC_WARN_UNDECLARED_SELECTOR = YES;
				GCC_WARN_UNINITIALIZED_AUTOS = YES_AGGRESSIVE;
				GCC_WARN_UNUSED_FUNCTION = YES;
				GCC_WARN_UNUSED_VARIABLE = YES;
				IPHONEOS_DEPLOYMENT_TARGET = 14.0;
				MTL_ENABLE_DEBUG_INFO = NO;
				MTL_FAST_MATH = YES;
				SDKROOT = iphoneos;
				SWIFT_COMPILATION_MODE = wholemodule;
				SWIFT_OPTIMIZATION_LEVEL = "-O";
				VALIDATE_PRODUCT = YES;
			};
			name = Release;
		};
		F1DA955B252EB09D00356470 /* Debug */ = {
			isa = XCBuildConfiguration;
			buildSettings = {
				ASSETCATALOG_COMPILER_APPICON_NAME = AppIcon;
				ASSETCATALOG_COMPILER_GLOBAL_ACCENT_COLOR_NAME = AccentColor;
				CODE_SIGN_STYLE = Automatic;
				DEVELOPMENT_TEAM = 8L88PNR4B2;
				INFOPLIST_FILE = "resizer-ios/Info.plist";
				IPHONEOS_DEPLOYMENT_TARGET = 12.4;
				LD_RUNPATH_SEARCH_PATHS = (
					"$(inherited)",
					"@executable_path/Frameworks",
				);
				PRODUCT_BUNDLE_IDENTIFIER = "com.rlaguilar.sample-project.resizer-ios";
				PRODUCT_NAME = "$(TARGET_NAME)";
				SUPPORTS_MACCATALYST = NO;
				SWIFT_VERSION = 5.0;
				TARGETED_DEVICE_FAMILY = "1,2";
			};
			name = Debug;
		};
		F1DA955C252EB09D00356470 /* Release */ = {
			isa = XCBuildConfiguration;
			buildSettings = {
				ASSETCATALOG_COMPILER_APPICON_NAME = AppIcon;
				ASSETCATALOG_COMPILER_GLOBAL_ACCENT_COLOR_NAME = AccentColor;
				CODE_SIGN_STYLE = Automatic;
				DEVELOPMENT_TEAM = 8L88PNR4B2;
				INFOPLIST_FILE = "resizer-ios/Info.plist";
				IPHONEOS_DEPLOYMENT_TARGET = 12.4;
				LD_RUNPATH_SEARCH_PATHS = (
					"$(inherited)",
					"@executable_path/Frameworks",
				);
				PRODUCT_BUNDLE_IDENTIFIER = "com.rlaguilar.sample-project.resizer-ios";
				PRODUCT_NAME = "$(TARGET_NAME)";
				SUPPORTS_MACCATALYST = NO;
				SWIFT_VERSION = 5.0;
				TARGETED_DEVICE_FAMILY = "1,2";
			};
			name = Release;
		};
/* End XCBuildConfiguration section */

/* Begin XCConfigurationList section */
		F1AEB365252FD69100636575 /* Build configuration list for PBXNativeTarget "resizer-mac" */ = {
			isa = XCConfigurationList;
			buildConfigurations = (
				F1AEB363252FD69100636575 /* Debug */,
				F1AEB364252FD69100636575 /* Release */,
			);
			defaultConfigurationIsVisible = 0;
			defaultConfigurationName = Release;
		};
		F1DA9541252EB09B00356470 /* Build configuration list for PBXProject "VideoResizer" */ = {
			isa = XCConfigurationList;
			buildConfigurations = (
				F1DA9558252EB09D00356470 /* Debug */,
				F1DA9559252EB09D00356470 /* Release */,
			);
			defaultConfigurationIsVisible = 0;
			defaultConfigurationName = Release;
		};
		F1DA955A252EB09D00356470 /* Build configuration list for PBXNativeTarget "resizer-ios" */ = {
			isa = XCConfigurationList;
			buildConfigurations = (
				F1DA955B252EB09D00356470 /* Debug */,
				F1DA955C252EB09D00356470 /* Release */,
			);
			defaultConfigurationIsVisible = 0;
			defaultConfigurationName = Release;
		};
/* End XCConfigurationList section */
	};
	rootObject = F1DA953E252EB09B00356470 /* Project object */;
}
